schema: '2.0'
stages:
  data_ingestion:
    cmd: python src/data/data_ingestion.py
    deps:
    - path: src/data/data_ingestion.py
      hash: md5
      md5: e9885e61a6739f43fb7a275730bd7517
      size: 3519
    params:
      params.yaml:
        data_ingestion.test_size: 0.2
    outs:
    - path: data/raw
      hash: md5
      md5: fb326d2eec197669f9638afde28356bf.dir
      size: 827973
      nfiles: 2
  data_preprocessing:
    cmd: python src/data/data_preprocessing.py
    deps:
    - path: data/raw
      hash: md5
      md5: fb326d2eec197669f9638afde28356bf.dir
      size: 827973
      nfiles: 2
    - path: src/data/data_preprocessing.py
      hash: md5
      md5: 8182f44700f97f5fc5863fee88ff74ba
      size: 3974
    outs:
    - path: data/interim
      hash: md5
      md5: c52f2290e848623bebee2a4c7bcf41e3.dir
      size: 572633
      nfiles: 2
  feature_engineering:
    cmd: python src/features/feature_engineering.py
    deps:
    - path: data/interim
      hash: md5
      md5: c52f2290e848623bebee2a4c7bcf41e3.dir
      size: 572633
      nfiles: 2
    - path: src/features/feature_engineering.py
      hash: md5
      md5: bf63b45992566deba516cf418924c6cf
      size: 3783
    params:
      params.yaml:
        feature_engineering.max_features: 100
    outs:
    - path: data/processed
      hash: md5
      md5: ca4f6b8a3a57fb565567d8f00647ef1a.dir
      size: 2106516
      nfiles: 2
  model_building:
    cmd: python src/model/model_building.py
    deps:
    - path: data/processed
      hash: md5
      md5: ca4f6b8a3a57fb565567d8f00647ef1a.dir
      size: 2106516
      nfiles: 2
    - path: src/model/model_building.py
      hash: md5
      md5: 6af2e2f89a23e95f0ab3a9a973a78b32
      size: 3051
    params:
      params.yaml:
        model_building.learning_rate: 0.1
        model_building.n_estimators: 25
    outs:
    - path: models/model.pkl
      hash: md5
      md5: 6ef703a12abcca9b18bfacdc9f691d74
      size: 39680
  model_evaluation:
    cmd: python src/model/model_evaluation.py
    deps:
    - path: models/model.pkl
      hash: md5
      md5: 6ef703a12abcca9b18bfacdc9f691d74
      size: 39680
    - path: src/model/model_evaluation.py
      hash: md5
      md5: b4a75747422358240115f5aaeb5ebb8f
      size: 3351
    outs:
    - path: reports/metrics.json
      hash: md5
      md5: 1517a36b23d7ced88c9e85a3db25dfc4
      size: 145
